
Microsoft Visual Studio Solution File, Format Version 12.00
# Visual Studio Express 2012 for Windows Desktop
Project("{FAE04EC0-301F-11D3-BF4B-00C04F79EFBC}") = "Password_Generator", "Password_Generator\Password_Generator.csproj", "{35642317-31CE-4E9B-BD76-A93302FD4732}"
EndProject
Global
	GlobalSection(SolutionConfigurationPlatforms) = preSolution
		Debug|Any CPU = Debug|Any CPU
		Release|Any CPU = Release|Any CPU
	EndGlobalSection
	GlobalSection(ProjectConfigurationPlatforms) = postSolution
		{35642317-31CE-4E9B-BD76-A93302FD4732}.Debug|Any CPU.ActiveCfg = Debug|Any CPU
		{35642317-31CE-4E9B-BD76-A93302FD4732}.Debug|Any CPU.Build.0 = Debug|Any CPU
		{35642317-31CE-4E9B-BD76-A93302FD4732}.Release|Any CPU.ActiveCfg = Release|Any CPU
		{35642317-31CE-4E9B-BD76-A93302FD4732}.Release|Any CPU.Build.0 = Release|Any CPU
	EndGlobalSection
	GlobalSection(SolutionProperties) = preSolution
		HideSolutionNode = FALSE
	EndGlobalSection
EndGlobal
